
Microsoft Visual Studio Solution File, Format Version 12.00
# Visual Studio Version 16
VisualStudioVersion = 16.0.34729.46
MinimumVisualStudioVersion = 10.0.40219.1
Project("{FAE04EC0-301F-11D3-BF4B-00C04F79EFBC}") = "Calculadora IMC", "Calculadora IMC\Calculadora IMC.csproj", "{471322E7-90AA-4DF6-AAF5-C3F28E3E2E27}"
EndProject
Global
	GlobalSection(SolutionConfigurationPlatforms) = preSolution
		Debug|Any CPU = Debug|Any CPU
		Release|Any CPU = Release|Any CPU
	EndGlobalSection
	GlobalSection(ProjectConfigurationPlatforms) = postSolution
		{471322E7-90AA-4DF6-AAF5-C3F28E3E2E27}.Debug|Any CPU.ActiveCfg = Debug|Any CPU
		{471322E7-90AA-4DF6-AAF5-C3F28E3E2E27}.Debug|Any CPU.Build.0 = Debug|Any CPU
		{471322E7-90AA-4DF6-AAF5-C3F28E3E2E27}.Release|Any CPU.ActiveCfg = Release|Any CPU
		{471322E7-90AA-4DF6-AAF5-C3F28E3E2E27}.Release|Any CPU.Build.0 = Release|Any CPU
	EndGlobalSection
	GlobalSection(SolutionProperties) = preSolution
		HideSolutionNode = FALSE
	EndGlobalSection
	GlobalSection(ExtensibilityGlobals) = postSolution
		SolutionGuid = {9B6C8B24-7A4B-44E5-85FF-CA227AB4D60D}
	EndGlobalSection
EndGlobal
